// !$*UTF8*$!
{
	archiveVersion = 1;
	classes = {
	};
	objectVersion = 46;
	objects = {

/* Begin PBXBuildFile section */
		43501CAD1BE01ADB000E1EB4 /* background-music-aac.caf in Resources */ = {isa = PBXBuildFile; fileRef = 43501CAA1BE01ADB000E1EB4 /* background-music-aac.caf */; };
		43501CAE1BE01ADB000E1EB4 /* pew-pew-lei.caf in Resources */ = {isa = PBXBuildFile; fileRef = 43501CAB1BE01ADB000E1EB4 /* pew-pew-lei.caf */; };
		43501CAF1BE01ADB000E1EB4 /* sprites.atlas in Resources */ = {isa = PBXBuildFile; fileRef = 43501CAC1BE01ADB000E1EB4 /* sprites.atlas */; };
		43501CB11BE01E9B000E1EB4 /* GameScene.sks in Resources */ = {isa = PBXBuildFile; fileRef = 43501CB01BE01E9B000E1EB4 /* GameScene.sks */; };
		438482771BE017AC0091FC82 /* AppDelegate.swift in Sources */ = {isa = PBXBuildFile; fileRef = 438482761BE017AC0091FC82 /* AppDelegate.swift */; };
		4384827B1BE017AC0091FC82 /* GameScene.swift in Sources */ = {isa = PBXBuildFile; fileRef = 4384827A1BE017AC0091FC82 /* GameScene.swift */; };
		4384827D1BE017AC0091FC82 /* GameViewController.swift in Sources */ = {isa = PBXBuildFile; fileRef = 4384827C1BE017AC0091FC82 /* GameViewController.swift */; };
		438482801BE017AC0091FC82 /* Main.storyboard in Resources */ = {isa = PBXBuildFile; fileRef = 4384827E1BE017AC0091FC82 /* Main.storyboard */; };
		438482821BE017AC0091FC82 /* Assets.xcassets in Resources */ = {isa = PBXBuildFile; fileRef = 438482811BE017AC0091FC82 /* Assets.xcassets */; };
		438482851BE017AC0091FC82 /* LaunchScreen.storyboard in Resources */ = {isa = PBXBuildFile; fileRef = 438482831BE017AC0091FC82 /* LaunchScreen.storyboard */; };
/* End PBXBuildFile section */

/* Begin PBXFileReference section */
		43501CAA1BE01ADB000E1EB4 /* background-music-aac.caf */ = {isa = PBXFileReference; lastKnownFileType = file; path = "background-music-aac.caf"; sourceTree = "<group>"; };
		43501CAB1BE01ADB000E1EB4 /* pew-pew-lei.caf */ = {isa = PBXFileReference; lastKnownFileType = file; path = "pew-pew-lei.caf"; sourceTree = "<group>"; };
		43501CAC1BE01ADB000E1EB4 /* sprites.atlas */ = {isa = PBXFileReference; lastKnownFileType = folder.skatlas; path = sprites.atlas; sourceTree = "<group>"; };
		43501CB01BE01E9B000E1EB4 /* GameScene.sks */ = {isa = PBXFileReference; lastKnownFileType = file.sks; path = GameScene.sks; sourceTree = "<group>"; };
		438482731BE017AC0091FC82 /* SpriteKitSimpleGame.app */ = {isa = PBXFileReference; explicitFileType = wrapper.application; includeInIndex = 0; path = SpriteKitSimpleGame.app; sourceTree = BUILT_PRODUCTS_DIR; };
		438482761BE017AC0091FC82 /* AppDelegate.swift */ = {isa = PBXFileReference; lastKnownFileType = sourcecode.swift; path = AppDelegate.swift; sourceTree = "<group>"; };
		4384827A1BE017AC0091FC82 /* GameScene.swift */ = {isa = PBXFileReference; lastKnownFileType = sourcecode.swift; path = GameScene.swift; sourceTree = "<group>"; };
		4384827C1BE017AC0091FC82 /* GameViewController.swift */ = {isa = PBXFileReference; lastKnownFileType = sourcecode.swift; path = GameViewController.swift; sourceTree = "<group>"; };
		4384827F1BE017AC0091FC82 /* Base */ = {isa = PBXFileReference; lastKnownFileType = file.storyboard; name = Base; path = Base.lproj/Main.storyboard; sourceTree = "<group>"; };
		438482811BE017AC0091FC82 /* Assets.xcassets */ = {isa = PBXFileReference; lastKnownFileType = folder.assetcatalog; path = Assets.xcassets; sourceTree = "<group>"; };
		438482841BE017AC0091FC82 /* Base */ = {isa = PBXFileReference; lastKnownFileType = file.storyboard; name = Base; path = Base.lproj/LaunchScreen.storyboard; sourceTree = "<group>"; };
		438482861BE017AC0091FC82 /* Info.plist */ = {isa = PBXFileReference; lastKnownFileType = text.plist.xml; path = Info.plist; sourceTree = "<group>"; };
/* End PBXFileReference section */

/* Begin PBXFrameworksBuildPhase section */
		438482701BE017AC0091FC82 /* Frameworks */ = {
			isa = PBXFrameworksBuildPhase;
			buildActionMask = 2147483647;
			files = (
			);
			runOnlyForDeploymentPostprocessing = 0;
		};
/* End PBXFrameworksBuildPhase section */

/* Begin PBXGroup section */
		43501CA81BE01ADB000E1EB4 /* Resources */ = {
			isa = PBXGroup;
			children = (
				43501CA91BE01ADB000E1EB4 /* Sounds */,
				43501CAC1BE01ADB000E1EB4 /* sprites.atlas */,
			);
			path = Resources;
			sourceTree = "<group>";
		};
		43501CA91BE01ADB000E1EB4 /* Sounds */ = {
			isa = PBXGroup;
			children = (
				43501CAA1BE01ADB000E1EB4 /* background-music-aac.caf */,
				43501CAB1BE01ADB000E1EB4 /* pew-pew-lei.caf */,
			);
			path = Sounds;
			sourceTree = "<group>";
		};
		4384826A1BE017AC0091FC82 = {
			isa = PBXGroup;
			children = (
				438482751BE017AC0091FC82 /* SpriteKitSimpleGame */,
				438482741BE017AC0091FC82 /* Products */,
			);
			sourceTree = "<group>";
		};
		438482741BE017AC0091FC82 /* Products */ = {
			isa = PBXGroup;
			children = (
				438482731BE017AC0091FC82 /* SpriteKitSimpleGame.app */,
			);
			name = Products;
			sourceTree = "<group>";
		};
		438482751BE017AC0091FC82 /* SpriteKitSimpleGame */ = {
			isa = PBXGroup;
			children = (
				43501CA81BE01ADB000E1EB4 /* Resources */,
				438482761BE017AC0091FC82 /* AppDelegate.swift */,
				4384827A1BE017AC0091FC82 /* GameScene.swift */,
				43501CB01BE01E9B000E1EB4 /* GameScene.sks */,
				4384827C1BE017AC0091FC82 /* GameViewController.swift */,
				4384827E1BE017AC0091FC82 /* Main.storyboard */,
				438482811BE017AC0091FC82 /* Assets.xcassets */,
				438482831BE017AC0091FC82 /* LaunchScreen.storyboard */,
				438482861BE017AC0091FC82 /* Info.plist */,
			);
			path = SpriteKitSimpleGame;
			sourceTree = "<group>";
		};
/* End PBXGroup section */

/* Begin PBXNativeTarget section */
		438482721BE017AC0091FC82 /* SpriteKitSimpleGame */ = {
			isa = PBXNativeTarget;
			buildConfigurationList = 438482891BE017AC0091FC82 /* Build configuration list for PBXNativeTarget "SpriteKitSimpleGame" */;
			buildPhases = (
				4384826F1BE017AC0091FC82 /* Sources */,
				438482701BE017AC0091FC82 /* Frameworks */,
				438482711BE017AC0091FC82 /* Resources */,
			);
			buildRules = (
			);
			dependencies = (
			);
			name = SpriteKitSimpleGame;
			productName = SpriteKitSimpleGame;
			productReference = 438482731BE017AC0091FC82 /* SpriteKitSimpleGame.app */;
			productType = "com.apple.product-type.application";
		};
/* End PBXNativeTarget section */

/* Begin PBXProject section */
		4384826B1BE017AC0091FC82 /* Project object */ = {
			isa = PBXProject;
			attributes = {
				LastSwiftUpdateCheck = 0710;
				LastUpgradeCheck = 0710;
				ORGANIZATIONNAME = "Nate Armstrong";
				TargetAttributes = {
					438482721BE017AC0091FC82 = {
						CreatedOnToolsVersion = 7.1;
					};
				};
			};
			buildConfigurationList = 4384826E1BE017AC0091FC82 /* Build configuration list for PBXProject "SpriteKitSimpleGame" */;
			compatibilityVersion = "Xcode 3.2";
			developmentRegion = English;
			hasScannedForEncodings = 0;
			knownRegions = (
				en,
				Base,
			);
			mainGroup = 4384826A1BE017AC0091FC82;
			productRefGroup = 438482741BE017AC0091FC82 /* Products */;
			projectDirPath = "";
			projectRoot = "";
			targets = (
				438482721BE017AC0091FC82 /* SpriteKitSimpleGame */,
			);
		};
/* End PBXProject section */

/* Begin PBXResourcesBuildPhase section */
		438482711BE017AC0091FC82 /* Resources */ = {
			isa = PBXResourcesBuildPhase;
			buildActionMask = 2147483647;
			files = (
				43501CAD1BE01ADB000E1EB4 /* background-music-aac.caf in Resources */,
				438482851BE017AC0091FC82 /* LaunchScreen.storyboard in Resources */,
				438482821BE017AC0091FC82 /* Assets.xcassets in Resources */,
				43501CAE1BE01ADB000E1EB4 /* pew-pew-lei.caf in Resources */,
				43501CB11BE01E9B000E1EB4 /* GameScene.sks in Resources */,
				43501CAF1BE01ADB000E1EB4 /* sprites.atlas in Resources */,
				438482801BE017AC0091FC82 /* Main.storyboard in Resources */,
			);
			runOnlyForDeploymentPostprocessing = 0;
		};
/* End PBXResourcesBuildPhase section */

/* Begin PBXSourcesBuildPhase section */
		4384826F1BE017AC0091FC82 /* Sources */ = {
			isa = PBXSourcesBuildPhase;
			buildActionMask = 2147483647;
			files = (
				4384827B1BE017AC0091FC82 /* GameScene.swift in Sources */,
				4384827D1BE017AC0091FC82 /* GameViewController.swift in Sources */,
				438482771BE017AC0091FC82 /* AppDelegate.swift in Sources */,
			);
			runOnlyForDeploymentPostprocessing = 0;
		};
/* End PBXSourcesBuildPhase section */

/* Begin PBXVariantGroup section */
		4384827E1BE017AC0091FC82 /* Main.storyboard */ = {
			isa = PBXVariantGroup;
			children = (
				4384827F1BE017AC0091FC82 /* Base */,
			);
			name = Main.storyboard;
			sourceTree = "<group>";
		};
		438482831BE017AC0091FC82 /* LaunchScreen.storyboard */ = {
			isa = PBXVariantGroup;
			children = (
				438482841BE017AC0091FC82 /* Base */,
			);
			name = LaunchScreen.storyboard;
			sourceTree = "<group>";
		};
/* End PBXVariantGroup section */

/* Begin XCBuildConfiguration section */
		438482871BE017AC0091FC82 /* Debug */ = {
			isa = XCBuildConfiguration;
			buildSettings = {
				ALWAYS_SEARCH_USER_PATHS = NO;
				CLANG_CXX_LANGUAGE_STANDARD = "gnu++0x";
				CLANG_CXX_LIBRARY = "libc++";
				CLANG_ENABLE_MODULES = YES;
				CLANG_ENABLE_OBJC_ARC = YES;
				CLANG_WARN_BOOL_CONVERSION = YES;
				CLANG_WARN_CONSTANT_CONVERSION = YES;
				CLANG_WARN_DIRECT_OBJC_ISA_USAGE = YES_ERROR;
				CLANG_WARN_EMPTY_BODY = YES;
				CLANG_WARN_ENUM_CONVERSION = YES;
				CLANG_WARN_INT_CONVERSION = YES;
				CLANG_WARN_OBJC_ROOT_CLASS = YES_ERROR;
				CLANG_WARN_UNREACHABLE_CODE = YES;
				CLANG_WARN__DUPLICATE_METHOD_MATCH = YES;
				"CODE_SIGN_IDENTITY[sdk=iphoneos*]" = "iPhone Developer";
				COPY_PHASE_STRIP = NO;
				DEBUG_INFORMATION_FORMAT = "dwarf-with-dsym";
				ENABLE_STRICT_OBJC_MSGSEND = YES;
				ENABLE_TESTABILITY = YES;
				GCC_C_LANGUAGE_STANDARD = gnu99;
				GCC_DYNAMIC_NO_PIC = NO;
				GCC_NO_COMMON_BLOCKS = YES;
				GCC_OPTIMIZATION_LEVEL = 0;
				GCC_PREPROCESSOR_DEFINITIONS = (
					"DEBUG=1",
					"$(inherited)",
				);
				GCC_WARN_64_TO_32_BIT_CONVERSION = YES;
				GCC_WARN_ABOUT_RETURN_TYPE = YES_ERROR;
				GCC_WARN_UNDECLARED_SELECTOR = YES;
				GCC_WARN_UNINITIALIZED_AUTOS = YES_AGGRESSIVE;
				GCC_WARN_UNUSED_FUNCTION = YES;
				GCC_WARN_UNUSED_VARIABLE = YES;
				IPHONEOS_DEPLOYMENT_TARGET = 9.1;
				MTL_ENABLE_DEBUG_INFO = YES;
				ONLY_ACTIVE_ARCH = YES;
				SDKROOT = iphoneos;
				SWIFT_OPTIMIZATION_LEVEL = "-Onone";
			};
			name = Debug;
		};
		438482881BE017AC0091FC82 /* Release */ = {
			isa = XCBuildConfiguration;
			buildSettings = {
				ALWAYS_SEARCH_USER_PATHS = NO;
				CLANG_CXX_LANGUAGE_STANDARD = "gnu++0x";
				CLANG_CXX_LIBRARY = "libc++";
				CLANG_ENABLE_MODULES = YES;
				CLANG_ENABLE_OBJC_ARC = YES;
				CLANG_WARN_BOOL_CONVERSION = YES;
				CLANG_WARN_CONSTANT_CONVERSION = YES;
				CLANG_WARN_DIRECT_OBJC_ISA_USAGE = YES_ERROR;
				CLANG_WARN_EMPTY_BODY = YES;
				CLANG_WARN_ENUM_CONVERSION = YES;
				CLANG_WARN_INT_CONVERSION = YES;
				CLANG_WARN_OBJC_ROOT_CLASS = YES_ERROR;
				CLANG_WARN_UNREACHABLE_CODE = YES;
				CLANG_WARN__DUPLICATE_METHOD_MATCH = YES;
				"CODE_SIGN_IDENTITY[sdk=iphoneos*]" = "iPhone Developer";
				COPY_PHASE_STRIP = NO;
				DEBUG_INFORMATION_FORMAT = "dwarf-with-dsym";
				ENABLE_NS_ASSERTIONS = NO;
				ENABLE_STRICT_OBJC_MSGSEND = YES;
				GCC_C_LANGUAGE_STANDARD = gnu99;
				GCC_NO_COMMON_BLOCKS = YES;
				GCC_WARN_64_TO_32_BIT_CONVERSION = YES;
				GCC_WARN_ABOUT_RETURN_TYPE = YES_ERROR;
				GCC_WARN_UNDECLARED_SELECTOR = YES;
				GCC_WARN_UNINITIALIZED_AUTOS = YES_AGGRESSIVE;
				GCC_WARN_UNUSED_FUNCTION = YES;
				GCC_WARN_UNUSED_VARIABLE = YES;
				IPHONEOS_DEPLOYMENT_TARGET = 9.1;
				MTL_ENABLE_DEBUG_INFO = NO;
				SDKROOT = iphoneos;
				VALIDATE_PRODUCT = YES;
			};
			name = Release;
		};
		4384828A1BE017AC0091FC82 /* Debug */ = {
			isa = XCBuildConfiguration;
			buildSettings = {
				ASSETCATALOG_COMPILER_APPICON_NAME = AppIcon;
				INFOPLIST_FILE = SpriteKitSimpleGame/Info.plist;
				LD_RUNPATH_SEARCH_PATHS = "$(inherited) @executable_path/Frameworks";
				PRODUCT_BUNDLE_IDENTIFIER = com.armstrongnate.SpriteKitSimpleGame;
				PRODUCT_NAME = "$(TARGET_NAME)";
			};
			name = Debug;
		};
		4384828B1BE017AC0091FC82 /* Release */ = {
			isa = XCBuildConfiguration;
			buildSettings = {
				ASSETCATALOG_COMPILER_APPICON_NAME = AppIcon;
				INFOPLIST_FILE = SpriteKitSimpleGame/Info.plist;
				LD_RUNPATH_SEARCH_PATHS = "$(inherited) @executable_path/Frameworks";
				PRODUCT_BUNDLE_IDENTIFIER = com.armstrongnate.SpriteKitSimpleGame;
				PRODUCT_NAME = "$(TARGET_NAME)";
			};
			name = Release;
		};
/* End XCBuildConfiguration section */

/* Begin XCConfigurationList section */
		4384826E1BE017AC0091FC82 /* Build configuration list for PBXProject "SpriteKitSimpleGame" */ = {
			isa = XCConfigurationList;
			buildConfigurations = (
				438482871BE017AC0091FC82 /* Debug */,
				438482881BE017AC0091FC82 /* Release */,
			);
			defaultConfigurationIsVisible = 0;
			defaultConfigurationName = Release;
		};
		438482891BE017AC0091FC82 /* Build configuration list for PBXNativeTarget "SpriteKitSimpleGame" */ = {
			isa = XCConfigurationList;
			buildConfigurations = (
				4384828A1BE017AC0091FC82 /* Debug */,
				4384828B1BE017AC0091FC82 /* Release */,
			);
			defaultConfigurationIsVisible = 0;
			defaultConfigurationName = Release;
		};
/* End XCConfigurationList section */
	};
	rootObject = 4384826B1BE017AC0091FC82 /* Project object */;
}
