// !$*UTF8*$!
{
	archiveVersion = 1;
	classes = {
	};
	objectVersion = 46;
	objects = {

/* Begin PBXBuildFile section */
		433881DC1A9BCEBF00AF335B /* SymbolTable.cpp in Sources */ = {isa = PBXBuildFile; fileRef = 433881DA1A9BCEBF00AF335B /* SymbolTable.cpp */; };
		43661DC61A895DD1006C71CC /* Scanner.cpp in Sources */ = {isa = PBXBuildFile; fileRef = 43661DC41A895DD1006C71CC /* Scanner.cpp */; };
		43CD64B61AC235FF00BBD68F /* MinusNode.cpp in Sources */ = {isa = PBXBuildFile; fileRef = 43CD64B51AC235FF00BBD68F /* MinusNode.cpp */; };
		43CD64B81AC2361100BBD68F /* TimesNode.cpp in Sources */ = {isa = PBXBuildFile; fileRef = 43CD64B71AC2361100BBD68F /* TimesNode.cpp */; };
		43CD64BA1AC2362400BBD68F /* DivideNode.cpp in Sources */ = {isa = PBXBuildFile; fileRef = 43CD64B91AC2362400BBD68F /* DivideNode.cpp */; };
		43CD64BD1AC2458C00BBD68F /* Parser.cpp in Sources */ = {isa = PBXBuildFile; fileRef = 43CD64BB1AC2458C00BBD68F /* Parser.cpp */; };
		43EA49461AA50A5800645B83 /* Node.cpp in Sources */ = {isa = PBXBuildFile; fileRef = 43EA49441AA50A5800645B83 /* Node.cpp */; };
		43EC65041A81D37E00B82D70 /* main.cpp in Sources */ = {isa = PBXBuildFile; fileRef = 43EC65031A81D37E00B82D70 /* main.cpp */; };
		43EC650C1A81D3C200B82D70 /* Token.cpp in Sources */ = {isa = PBXBuildFile; fileRef = 43EC650A1A81D3C200B82D70 /* Token.cpp */; };
		43EC650F1A81E22000B82D70 /* StateMachine.cpp in Sources */ = {isa = PBXBuildFile; fileRef = 43EC650D1A81E22000B82D70 /* StateMachine.cpp */; };
		43F2390F1AD4A1CC0056C3D2 /* NotNode.cpp in Sources */ = {isa = PBXBuildFile; fileRef = 43F2390E1AD4A1CC0056C3D2 /* NotNode.cpp */; };
		43F7D4801AB773940036BD1E /* StartNode.cpp in Sources */ = {isa = PBXBuildFile; fileRef = 43F7D47F1AB773940036BD1E /* StartNode.cpp */; };
		43F7D4821AB7747A0036BD1E /* BlockNode.cpp in Sources */ = {isa = PBXBuildFile; fileRef = 43F7D4811AB7747A0036BD1E /* BlockNode.cpp */; };
		43F7D4841AB774A40036BD1E /* ProgramNode.cpp in Sources */ = {isa = PBXBuildFile; fileRef = 43F7D4831AB774A40036BD1E /* ProgramNode.cpp */; };
		43F7D4861AB775760036BD1E /* StatementGroupNode.cpp in Sources */ = {isa = PBXBuildFile; fileRef = 43F7D4851AB775760036BD1E /* StatementGroupNode.cpp */; };
		43F7D4881AB7765D0036BD1E /* StatementNode.cpp in Sources */ = {isa = PBXBuildFile; fileRef = 43F7D4871AB7765D0036BD1E /* StatementNode.cpp */; };
		43F7D48A1AB776A20036BD1E /* DeclarationStatementNode.cpp in Sources */ = {isa = PBXBuildFile; fileRef = 43F7D4891AB776A20036BD1E /* DeclarationStatementNode.cpp */; };
		43F7D48C1AB777510036BD1E /* AssignmentStatementNode.cpp in Sources */ = {isa = PBXBuildFile; fileRef = 43F7D48B1AB777510036BD1E /* AssignmentStatementNode.cpp */; };
		43F7D48E1AB777F40036BD1E /* CoutStatementNode.cpp in Sources */ = {isa = PBXBuildFile; fileRef = 43F7D48D1AB777F40036BD1E /* CoutStatementNode.cpp */; };
		43F7D4901AB778EB0036BD1E /* ExpressionNode.cpp in Sources */ = {isa = PBXBuildFile; fileRef = 43F7D48F1AB778EB0036BD1E /* ExpressionNode.cpp */; };
		43F7D4921AB779280036BD1E /* IntegerNode.cpp in Sources */ = {isa = PBXBuildFile; fileRef = 43F7D4911AB779280036BD1E /* IntegerNode.cpp */; };
		43F7D4941AB779A50036BD1E /* IdentifierNode.cpp in Sources */ = {isa = PBXBuildFile; fileRef = 43F7D4931AB779A50036BD1E /* IdentifierNode.cpp */; };
		43F7D4961AB77B4C0036BD1E /* BinaryOperatorNode.cpp in Sources */ = {isa = PBXBuildFile; fileRef = 43F7D4951AB77B4C0036BD1E /* BinaryOperatorNode.cpp */; };
		43F7D4981AB77C0F0036BD1E /* PlusNode.cpp in Sources */ = {isa = PBXBuildFile; fileRef = 43F7D4971AB77C0F0036BD1E /* PlusNode.cpp */; };
/* End PBXBuildFile section */

/* Begin PBXCopyFilesBuildPhase section */
		43EC64FE1A81D37E00B82D70 /* CopyFiles */ = {
			isa = PBXCopyFilesBuildPhase;
			buildActionMask = 2147483647;
			dstPath = /usr/share/man/man1/;
			dstSubfolderSpec = 0;
			files = (
			);
			runOnlyForDeploymentPostprocessing = 1;
		};
/* End PBXCopyFilesBuildPhase section */

/* Begin PBXFileReference section */
		4304FB7B1A91992A009F44E2 /* main.txt */ = {isa = PBXFileReference; fileEncoding = 4; lastKnownFileType = text; path = main.txt; sourceTree = "<group>"; };
		433881DA1A9BCEBF00AF335B /* SymbolTable.cpp */ = {isa = PBXFileReference; fileEncoding = 4; lastKnownFileType = sourcecode.cpp.cpp; path = SymbolTable.cpp; sourceTree = "<group>"; };
		433881DB1A9BCEBF00AF335B /* SymbolTable.h */ = {isa = PBXFileReference; fileEncoding = 4; lastKnownFileType = sourcecode.c.h; path = SymbolTable.h; sourceTree = "<group>"; };
		43661DC41A895DD1006C71CC /* Scanner.cpp */ = {isa = PBXFileReference; fileEncoding = 4; lastKnownFileType = sourcecode.cpp.cpp; path = Scanner.cpp; sourceTree = "<group>"; };
		43661DC51A895DD1006C71CC /* Scanner.h */ = {isa = PBXFileReference; fileEncoding = 4; lastKnownFileType = sourcecode.c.h; path = Scanner.h; sourceTree = "<group>"; };
		43661DC71A8964E2006C71CC /* Debug.h */ = {isa = PBXFileReference; lastKnownFileType = sourcecode.c.h; path = Debug.h; sourceTree = "<group>"; };
		43CD64B51AC235FF00BBD68F /* MinusNode.cpp */ = {isa = PBXFileReference; fileEncoding = 4; lastKnownFileType = sourcecode.cpp.cpp; name = MinusNode.cpp; path = Nodes/MinusNode.cpp; sourceTree = "<group>"; };
		43CD64B71AC2361100BBD68F /* TimesNode.cpp */ = {isa = PBXFileReference; fileEncoding = 4; lastKnownFileType = sourcecode.cpp.cpp; name = TimesNode.cpp; path = Nodes/TimesNode.cpp; sourceTree = "<group>"; };
		43CD64B91AC2362400BBD68F /* DivideNode.cpp */ = {isa = PBXFileReference; fileEncoding = 4; lastKnownFileType = sourcecode.cpp.cpp; name = DivideNode.cpp; path = Nodes/DivideNode.cpp; sourceTree = "<group>"; };
		43CD64BB1AC2458C00BBD68F /* Parser.cpp */ = {isa = PBXFileReference; fileEncoding = 4; lastKnownFileType = sourcecode.cpp.cpp; path = Parser.cpp; sourceTree = "<group>"; };
		43CD64BC1AC2458C00BBD68F /* Parser.h */ = {isa = PBXFileReference; fileEncoding = 4; lastKnownFileType = sourcecode.c.h; path = Parser.h; sourceTree = "<group>"; };
		43EA49441AA50A5800645B83 /* Node.cpp */ = {isa = PBXFileReference; fileEncoding = 4; lastKnownFileType = sourcecode.cpp.cpp; path = Node.cpp; sourceTree = "<group>"; };
		43EA49451AA50A5800645B83 /* Node.h */ = {isa = PBXFileReference; fileEncoding = 4; lastKnownFileType = sourcecode.c.h; path = Node.h; sourceTree = "<group>"; };
		43EC65001A81D37E00B82D70 /* Scanner */ = {isa = PBXFileReference; explicitFileType = "compiled.mach-o.executable"; includeInIndex = 0; path = Scanner; sourceTree = BUILT_PRODUCTS_DIR; };
		43EC65031A81D37E00B82D70 /* main.cpp */ = {isa = PBXFileReference; lastKnownFileType = sourcecode.cpp.cpp; path = main.cpp; sourceTree = "<group>"; };
		43EC650A1A81D3C200B82D70 /* Token.cpp */ = {isa = PBXFileReference; fileEncoding = 4; lastKnownFileType = sourcecode.cpp.cpp; path = Token.cpp; sourceTree = "<group>"; };
		43EC650B1A81D3C200B82D70 /* Token.h */ = {isa = PBXFileReference; fileEncoding = 4; lastKnownFileType = sourcecode.c.h; path = Token.h; sourceTree = "<group>"; };
		43EC650D1A81E22000B82D70 /* StateMachine.cpp */ = {isa = PBXFileReference; fileEncoding = 4; lastKnownFileType = sourcecode.cpp.cpp; path = StateMachine.cpp; sourceTree = "<group>"; };
		43EC650E1A81E22000B82D70 /* StateMachine.h */ = {isa = PBXFileReference; fileEncoding = 4; lastKnownFileType = sourcecode.c.h; path = StateMachine.h; sourceTree = "<group>"; };
		43F2390E1AD4A1CC0056C3D2 /* NotNode.cpp */ = {isa = PBXFileReference; fileEncoding = 4; lastKnownFileType = sourcecode.cpp.cpp; name = NotNode.cpp; path = Nodes/NotNode.cpp; sourceTree = "<group>"; };
		43F7D47F1AB773940036BD1E /* StartNode.cpp */ = {isa = PBXFileReference; fileEncoding = 4; lastKnownFileType = sourcecode.cpp.cpp; name = StartNode.cpp; path = Nodes/StartNode.cpp; sourceTree = "<group>"; };
		43F7D4811AB7747A0036BD1E /* BlockNode.cpp */ = {isa = PBXFileReference; fileEncoding = 4; lastKnownFileType = sourcecode.cpp.cpp; name = BlockNode.cpp; path = Nodes/BlockNode.cpp; sourceTree = "<group>"; };
		43F7D4831AB774A40036BD1E /* ProgramNode.cpp */ = {isa = PBXFileReference; fileEncoding = 4; lastKnownFileType = sourcecode.cpp.cpp; name = ProgramNode.cpp; path = Nodes/ProgramNode.cpp; sourceTree = "<group>"; };
		43F7D4851AB775760036BD1E /* StatementGroupNode.cpp */ = {isa = PBXFileReference; fileEncoding = 4; lastKnownFileType = sourcecode.cpp.cpp; name = StatementGroupNode.cpp; path = Nodes/StatementGroupNode.cpp; sourceTree = "<group>"; };
		43F7D4871AB7765D0036BD1E /* StatementNode.cpp */ = {isa = PBXFileReference; fileEncoding = 4; lastKnownFileType = sourcecode.cpp.cpp; name = StatementNode.cpp; path = Nodes/StatementNode.cpp; sourceTree = "<group>"; };
		43F7D4891AB776A20036BD1E /* DeclarationStatementNode.cpp */ = {isa = PBXFileReference; fileEncoding = 4; lastKnownFileType = sourcecode.cpp.cpp; name = DeclarationStatementNode.cpp; path = Nodes/DeclarationStatementNode.cpp; sourceTree = "<group>"; };
		43F7D48B1AB777510036BD1E /* AssignmentStatementNode.cpp */ = {isa = PBXFileReference; fileEncoding = 4; lastKnownFileType = sourcecode.cpp.cpp; name = AssignmentStatementNode.cpp; path = Nodes/AssignmentStatementNode.cpp; sourceTree = "<group>"; };
		43F7D48D1AB777F40036BD1E /* CoutStatementNode.cpp */ = {isa = PBXFileReference; fileEncoding = 4; lastKnownFileType = sourcecode.cpp.cpp; name = CoutStatementNode.cpp; path = Nodes/CoutStatementNode.cpp; sourceTree = "<group>"; };
		43F7D48F1AB778EB0036BD1E /* ExpressionNode.cpp */ = {isa = PBXFileReference; fileEncoding = 4; lastKnownFileType = sourcecode.cpp.cpp; name = ExpressionNode.cpp; path = Nodes/ExpressionNode.cpp; sourceTree = "<group>"; };
		43F7D4911AB779280036BD1E /* IntegerNode.cpp */ = {isa = PBXFileReference; fileEncoding = 4; lastKnownFileType = sourcecode.cpp.cpp; name = IntegerNode.cpp; path = Nodes/IntegerNode.cpp; sourceTree = "<group>"; };
		43F7D4931AB779A50036BD1E /* IdentifierNode.cpp */ = {isa = PBXFileReference; fileEncoding = 4; lastKnownFileType = sourcecode.cpp.cpp; name = IdentifierNode.cpp; path = Nodes/IdentifierNode.cpp; sourceTree = "<group>"; };
		43F7D4951AB77B4C0036BD1E /* BinaryOperatorNode.cpp */ = {isa = PBXFileReference; fileEncoding = 4; lastKnownFileType = sourcecode.cpp.cpp; name = BinaryOperatorNode.cpp; path = Nodes/BinaryOperatorNode.cpp; sourceTree = "<group>"; };
		43F7D4971AB77C0F0036BD1E /* PlusNode.cpp */ = {isa = PBXFileReference; fileEncoding = 4; lastKnownFileType = sourcecode.cpp.cpp; name = PlusNode.cpp; path = Nodes/PlusNode.cpp; sourceTree = "<group>"; };
/* End PBXFileReference section */

/* Begin PBXFrameworksBuildPhase section */
		43EC64FD1A81D37E00B82D70 /* Frameworks */ = {
			isa = PBXFrameworksBuildPhase;
			buildActionMask = 2147483647;
			files = (
			);
			runOnlyForDeploymentPostprocessing = 0;
		};
/* End PBXFrameworksBuildPhase section */

/* Begin PBXGroup section */
		43EC64F71A81D37E00B82D70 = {
			isa = PBXGroup;
			children = (
				43EC65021A81D37E00B82D70 /* Scanner */,
				43EC65011A81D37E00B82D70 /* Products */,
			);
			sourceTree = "<group>";
		};
		43EC65011A81D37E00B82D70 /* Products */ = {
			isa = PBXGroup;
			children = (
				43EC65001A81D37E00B82D70 /* Scanner */,
			);
			name = Products;
			sourceTree = "<group>";
		};
		43EC65021A81D37E00B82D70 /* Scanner */ = {
			isa = PBXGroup;
			children = (
				43EC65031A81D37E00B82D70 /* main.cpp */,
				43EC650A1A81D3C200B82D70 /* Token.cpp */,
				43EC650B1A81D3C200B82D70 /* Token.h */,
				43EC650D1A81E22000B82D70 /* StateMachine.cpp */,
				43EC650E1A81E22000B82D70 /* StateMachine.h */,
				43661DC71A8964E2006C71CC /* Debug.h */,
				43661DC41A895DD1006C71CC /* Scanner.cpp */,
				43661DC51A895DD1006C71CC /* Scanner.h */,
				4304FB7B1A91992A009F44E2 /* main.txt */,
				433881DA1A9BCEBF00AF335B /* SymbolTable.cpp */,
				433881DB1A9BCEBF00AF335B /* SymbolTable.h */,
				43CD64BB1AC2458C00BBD68F /* Parser.cpp */,
				43CD64BC1AC2458C00BBD68F /* Parser.h */,
				43F7D47E1AB772BB0036BD1E /* Nodes */,
			);
			path = Scanner;
			sourceTree = "<group>";
		};
		43F7D47E1AB772BB0036BD1E /* Nodes */ = {
			isa = PBXGroup;
			children = (
				43EA49441AA50A5800645B83 /* Node.cpp */,
				43EA49451AA50A5800645B83 /* Node.h */,
				43F7D47F1AB773940036BD1E /* StartNode.cpp */,
				43F7D4811AB7747A0036BD1E /* BlockNode.cpp */,
				43F7D4831AB774A40036BD1E /* ProgramNode.cpp */,
				43F7D4851AB775760036BD1E /* StatementGroupNode.cpp */,
				43F7D4871AB7765D0036BD1E /* StatementNode.cpp */,
				43F7D4891AB776A20036BD1E /* DeclarationStatementNode.cpp */,
				43F7D48B1AB777510036BD1E /* AssignmentStatementNode.cpp */,
				43F7D48D1AB777F40036BD1E /* CoutStatementNode.cpp */,
				43F7D48F1AB778EB0036BD1E /* ExpressionNode.cpp */,
				43F7D4911AB779280036BD1E /* IntegerNode.cpp */,
				43F7D4931AB779A50036BD1E /* IdentifierNode.cpp */,
				43F7D4951AB77B4C0036BD1E /* BinaryOperatorNode.cpp */,
				43F7D4971AB77C0F0036BD1E /* PlusNode.cpp */,
				43CD64B51AC235FF00BBD68F /* MinusNode.cpp */,
				43CD64B71AC2361100BBD68F /* TimesNode.cpp */,
				43CD64B91AC2362400BBD68F /* DivideNode.cpp */,
				43F2390E1AD4A1CC0056C3D2 /* NotNode.cpp */,
			);
			name = Nodes;
			sourceTree = "<group>";
		};
/* End PBXGroup section */

/* Begin PBXNativeTarget section */
		43EC64FF1A81D37E00B82D70 /* Scanner */ = {
			isa = PBXNativeTarget;
			buildConfigurationList = 43EC65071A81D37E00B82D70 /* Build configuration list for PBXNativeTarget "Scanner" */;
			buildPhases = (
				43EC64FC1A81D37E00B82D70 /* Sources */,
				43EC64FD1A81D37E00B82D70 /* Frameworks */,
				43EC64FE1A81D37E00B82D70 /* CopyFiles */,
			);
			buildRules = (
			);
			dependencies = (
			);
			name = Scanner;
			productName = Scanner;
			productReference = 43EC65001A81D37E00B82D70 /* Scanner */;
			productType = "com.apple.product-type.tool";
		};
/* End PBXNativeTarget section */

/* Begin PBXProject section */
		43EC64F81A81D37E00B82D70 /* Project object */ = {
			isa = PBXProject;
			attributes = {
				LastUpgradeCheck = 0610;
				ORGANIZATIONNAME = "Nate Armstrong";
				TargetAttributes = {
					43EC64FF1A81D37E00B82D70 = {
						CreatedOnToolsVersion = 6.1;
					};
				};
			};
			buildConfigurationList = 43EC64FB1A81D37E00B82D70 /* Build configuration list for PBXProject "Scanner" */;
			compatibilityVersion = "Xcode 3.2";
			developmentRegion = English;
			hasScannedForEncodings = 0;
			knownRegions = (
				en,
			);
			mainGroup = 43EC64F71A81D37E00B82D70;
			productRefGroup = 43EC65011A81D37E00B82D70 /* Products */;
			projectDirPath = "";
			projectRoot = "";
			targets = (
				43EC64FF1A81D37E00B82D70 /* Scanner */,
			);
		};
/* End PBXProject section */

/* Begin PBXSourcesBuildPhase section */
		43EC64FC1A81D37E00B82D70 /* Sources */ = {
			isa = PBXSourcesBuildPhase;
			buildActionMask = 2147483647;
			files = (
				43EC65041A81D37E00B82D70 /* main.cpp in Sources */,
				43EC650C1A81D3C200B82D70 /* Token.cpp in Sources */,
				43F7D48C1AB777510036BD1E /* AssignmentStatementNode.cpp in Sources */,
				43F7D4801AB773940036BD1E /* StartNode.cpp in Sources */,
				43CD64BA1AC2362400BBD68F /* DivideNode.cpp in Sources */,
				43F7D4921AB779280036BD1E /* IntegerNode.cpp in Sources */,
				43661DC61A895DD1006C71CC /* Scanner.cpp in Sources */,
				43EA49461AA50A5800645B83 /* Node.cpp in Sources */,
				43EC650F1A81E22000B82D70 /* StateMachine.cpp in Sources */,
				43CD64B61AC235FF00BBD68F /* MinusNode.cpp in Sources */,
				43F7D48A1AB776A20036BD1E /* DeclarationStatementNode.cpp in Sources */,
				43F2390F1AD4A1CC0056C3D2 /* NotNode.cpp in Sources */,
				43F7D48E1AB777F40036BD1E /* CoutStatementNode.cpp in Sources */,
				433881DC1A9BCEBF00AF335B /* SymbolTable.cpp in Sources */,
				43F7D4981AB77C0F0036BD1E /* PlusNode.cpp in Sources */,
				43CD64BD1AC2458C00BBD68F /* Parser.cpp in Sources */,
				43F7D4881AB7765D0036BD1E /* StatementNode.cpp in Sources */,
				43F7D4941AB779A50036BD1E /* IdentifierNode.cpp in Sources */,
				43F7D4841AB774A40036BD1E /* ProgramNode.cpp in Sources */,
				43F7D4821AB7747A0036BD1E /* BlockNode.cpp in Sources */,
				43F7D4861AB775760036BD1E /* StatementGroupNode.cpp in Sources */,
				43CD64B81AC2361100BBD68F /* TimesNode.cpp in Sources */,
				43F7D4961AB77B4C0036BD1E /* BinaryOperatorNode.cpp in Sources */,
				43F7D4901AB778EB0036BD1E /* ExpressionNode.cpp in Sources */,
			);
			runOnlyForDeploymentPostprocessing = 0;
		};
/* End PBXSourcesBuildPhase section */

/* Begin XCBuildConfiguration section */
		43EC65051A81D37E00B82D70 /* Debug */ = {
			isa = XCBuildConfiguration;
			buildSettings = {
				ALWAYS_SEARCH_USER_PATHS = NO;
				CLANG_CXX_LANGUAGE_STANDARD = "gnu++0x";
				CLANG_CXX_LIBRARY = "libc++";
				CLANG_ENABLE_MODULES = YES;
				CLANG_ENABLE_OBJC_ARC = YES;
				CLANG_WARN_BOOL_CONVERSION = YES;
				CLANG_WARN_CONSTANT_CONVERSION = YES;
				CLANG_WARN_DIRECT_OBJC_ISA_USAGE = YES_ERROR;
				CLANG_WARN_EMPTY_BODY = YES;
				CLANG_WARN_ENUM_CONVERSION = YES;
				CLANG_WARN_INT_CONVERSION = YES;
				CLANG_WARN_OBJC_ROOT_CLASS = YES_ERROR;
				CLANG_WARN_UNREACHABLE_CODE = YES;
				CLANG_WARN__DUPLICATE_METHOD_MATCH = YES;
				COPY_PHASE_STRIP = NO;
				ENABLE_STRICT_OBJC_MSGSEND = YES;
				GCC_C_LANGUAGE_STANDARD = gnu99;
				GCC_DYNAMIC_NO_PIC = NO;
				GCC_OPTIMIZATION_LEVEL = 0;
				GCC_PREPROCESSOR_DEFINITIONS = (
					"DEBUG=1",
					"$(inherited)",
				);
				GCC_SYMBOLS_PRIVATE_EXTERN = NO;
				GCC_WARN_64_TO_32_BIT_CONVERSION = YES;
				GCC_WARN_ABOUT_RETURN_TYPE = YES_ERROR;
				GCC_WARN_UNDECLARED_SELECTOR = YES;
				GCC_WARN_UNINITIALIZED_AUTOS = YES_AGGRESSIVE;
				GCC_WARN_UNUSED_FUNCTION = YES;
				GCC_WARN_UNUSED_VARIABLE = YES;
				MACOSX_DEPLOYMENT_TARGET = 10.10;
				MTL_ENABLE_DEBUG_INFO = YES;
				ONLY_ACTIVE_ARCH = YES;
				SDKROOT = macosx;
			};
			name = Debug;
		};
		43EC65061A81D37E00B82D70 /* Release */ = {
			isa = XCBuildConfiguration;
			buildSettings = {
				ALWAYS_SEARCH_USER_PATHS = NO;
				CLANG_CXX_LANGUAGE_STANDARD = "gnu++0x";
				CLANG_CXX_LIBRARY = "libc++";
				CLANG_ENABLE_MODULES = YES;
				CLANG_ENABLE_OBJC_ARC = YES;
				CLANG_WARN_BOOL_CONVERSION = YES;
				CLANG_WARN_CONSTANT_CONVERSION = YES;
				CLANG_WARN_DIRECT_OBJC_ISA_USAGE = YES_ERROR;
				CLANG_WARN_EMPTY_BODY = YES;
				CLANG_WARN_ENUM_CONVERSION = YES;
				CLANG_WARN_INT_CONVERSION = YES;
				CLANG_WARN_OBJC_ROOT_CLASS = YES_ERROR;
				CLANG_WARN_UNREACHABLE_CODE = YES;
				CLANG_WARN__DUPLICATE_METHOD_MATCH = YES;
				COPY_PHASE_STRIP = YES;
				DEBUG_INFORMATION_FORMAT = "dwarf-with-dsym";
				ENABLE_NS_ASSERTIONS = NO;
				ENABLE_STRICT_OBJC_MSGSEND = YES;
				GCC_C_LANGUAGE_STANDARD = gnu99;
				GCC_WARN_64_TO_32_BIT_CONVERSION = YES;
				GCC_WARN_ABOUT_RETURN_TYPE = YES_ERROR;
				GCC_WARN_UNDECLARED_SELECTOR = YES;
				GCC_WARN_UNINITIALIZED_AUTOS = YES_AGGRESSIVE;
				GCC_WARN_UNUSED_FUNCTION = YES;
				GCC_WARN_UNUSED_VARIABLE = YES;
				MACOSX_DEPLOYMENT_TARGET = 10.10;
				MTL_ENABLE_DEBUG_INFO = NO;
				SDKROOT = macosx;
			};
			name = Release;
		};
		43EC65081A81D37E00B82D70 /* Debug */ = {
			isa = XCBuildConfiguration;
			buildSettings = {
				PRODUCT_NAME = "$(TARGET_NAME)";
			};
			name = Debug;
		};
		43EC65091A81D37E00B82D70 /* Release */ = {
			isa = XCBuildConfiguration;
			buildSettings = {
				PRODUCT_NAME = "$(TARGET_NAME)";
			};
			name = Release;
		};
/* End XCBuildConfiguration section */

/* Begin XCConfigurationList section */
		43EC64FB1A81D37E00B82D70 /* Build configuration list for PBXProject "Scanner" */ = {
			isa = XCConfigurationList;
			buildConfigurations = (
				43EC65051A81D37E00B82D70 /* Debug */,
				43EC65061A81D37E00B82D70 /* Release */,
			);
			defaultConfigurationIsVisible = 0;
			defaultConfigurationName = Release;
		};
		43EC65071A81D37E00B82D70 /* Build configuration list for PBXNativeTarget "Scanner" */ = {
			isa = XCConfigurationList;
			buildConfigurations = (
				43EC65081A81D37E00B82D70 /* Debug */,
				43EC65091A81D37E00B82D70 /* Release */,
			);
			defaultConfigurationIsVisible = 0;
			defaultConfigurationName = Release;
		};
/* End XCConfigurationList section */
	};
	rootObject = 43EC64F81A81D37E00B82D70 /* Project object */;
}
